
Microsoft Visual Studio Solution File, Format Version 12.00
# Visual Studio Version 16
VisualStudioVersion = 16.0.31729.503
MinimumVisualStudioVersion = 10.0.40219.1
Project("{FAE04EC0-301F-11D3-BF4B-00C04F79EFBC}") = "Task1", "Task1.csproj", "{A1692D92-A58C-4071-A2DC-D62A71E05CEC}"
EndProject
Global
	GlobalSection(SolutionConfigurationPlatforms) = preSolution
		Debug|Any CPU = Debug|Any CPU
		Release|Any CPU = Release|Any CPU
	EndGlobalSection
	GlobalSection(ProjectConfigurationPlatforms) = postSolution
		{A1692D92-A58C-4071-A2DC-D62A71E05CEC}.Debug|Any CPU.ActiveCfg = Debug|Any CPU
		{A1692D92-A58C-4071-A2DC-D62A71E05CEC}.Debug|Any CPU.Build.0 = Debug|Any CPU
		{A1692D92-A58C-4071-A2DC-D62A71E05CEC}.Release|Any CPU.ActiveCfg = Release|Any CPU
		{A1692D92-A58C-4071-A2DC-D62A71E05CEC}.Release|Any CPU.Build.0 = Release|Any CPU
	EndGlobalSection
	GlobalSection(SolutionProperties) = preSolution
		HideSolutionNode = FALSE
	EndGlobalSection
	GlobalSection(ExtensibilityGlobals) = postSolution
		SolutionGuid = {8B9233DF-334E-4E12-BCDA-284684C07417}
	EndGlobalSection
EndGlobal
