
Microsoft Visual Studio Solution File, Format Version 12.00
# Visual Studio Version 17
VisualStudioVersion = 17.4.33403.182
MinimumVisualStudioVersion = 10.0.40219.1
Project("{FAE04EC0-301F-11D3-BF4B-00C04F79EFBC}") = "Task7", "Task7\Task7.csproj", "{0A8D7D9C-39EE-4E22-AAB7-294BD466082D}"
EndProject
Global
	GlobalSection(SolutionConfigurationPlatforms) = preSolution
		Debug|Any CPU = Debug|Any CPU
		Release|Any CPU = Release|Any CPU
	EndGlobalSection
	GlobalSection(ProjectConfigurationPlatforms) = postSolution
		{0A8D7D9C-39EE-4E22-AAB7-294BD466082D}.Debug|Any CPU.ActiveCfg = Debug|Any CPU
		{0A8D7D9C-39EE-4E22-AAB7-294BD466082D}.Debug|Any CPU.Build.0 = Debug|Any CPU
		{0A8D7D9C-39EE-4E22-AAB7-294BD466082D}.Release|Any CPU.ActiveCfg = Release|Any CPU
		{0A8D7D9C-39EE-4E22-AAB7-294BD466082D}.Release|Any CPU.Build.0 = Release|Any CPU
	EndGlobalSection
	GlobalSection(SolutionProperties) = preSolution
		HideSolutionNode = FALSE
	EndGlobalSection
	GlobalSection(ExtensibilityGlobals) = postSolution
		SolutionGuid = {AFA8436B-2D48-408F-95F2-45219CD372D3}
	EndGlobalSection
EndGlobal
