
Microsoft Visual Studio Solution File, Format Version 12.00
# Visual Studio Version 16
VisualStudioVersion = 16.0.31729.503
MinimumVisualStudioVersion = 10.0.40219.1
Project("{FAE04EC0-301F-11D3-BF4B-00C04F79EFBC}") = "FirstProgrammingCourse", "FirstProgrammingCourse.csproj", "{62779DA2-F50B-49B5-90C6-2F63391B24FF}"
EndProject
Global
	GlobalSection(SolutionConfigurationPlatforms) = preSolution
		Debug|Any CPU = Debug|Any CPU
		Release|Any CPU = Release|Any CPU
	EndGlobalSection
	GlobalSection(ProjectConfigurationPlatforms) = postSolution
		{62779DA2-F50B-49B5-90C6-2F63391B24FF}.Debug|Any CPU.ActiveCfg = Debug|Any CPU
		{62779DA2-F50B-49B5-90C6-2F63391B24FF}.Debug|Any CPU.Build.0 = Debug|Any CPU
		{62779DA2-F50B-49B5-90C6-2F63391B24FF}.Release|Any CPU.ActiveCfg = Release|Any CPU
		{62779DA2-F50B-49B5-90C6-2F63391B24FF}.Release|Any CPU.Build.0 = Release|Any CPU
	EndGlobalSection
	GlobalSection(SolutionProperties) = preSolution
		HideSolutionNode = FALSE
	EndGlobalSection
	GlobalSection(ExtensibilityGlobals) = postSolution
		SolutionGuid = {E0E76BF5-7B8B-49EC-AD63-FCE16E9CD3EB}
	EndGlobalSection
EndGlobal
