
Microsoft Visual Studio Solution File, Format Version 12.00
# Visual Studio Version 17
VisualStudioVersion = 17.0.31903.59
MinimumVisualStudioVersion = 10.0.40219.1
Project("{9A19103F-16F7-4668-BE54-9A1E7A4F7556}") = "Exam1Task2Part1", "Exam2Part1\Exam1Task2Part1.csproj", "{C94CBA31-D4C0-417D-B362-5AF6E60ECFEF}"
EndProject
Global
	GlobalSection(SolutionConfigurationPlatforms) = preSolution
		Debug|Any CPU = Debug|Any CPU
		Release|Any CPU = Release|Any CPU
	EndGlobalSection
	GlobalSection(ProjectConfigurationPlatforms) = postSolution
		{C94CBA31-D4C0-417D-B362-5AF6E60ECFEF}.Debug|Any CPU.ActiveCfg = Debug|Any CPU
		{C94CBA31-D4C0-417D-B362-5AF6E60ECFEF}.Debug|Any CPU.Build.0 = Debug|Any CPU
		{C94CBA31-D4C0-417D-B362-5AF6E60ECFEF}.Release|Any CPU.ActiveCfg = Release|Any CPU
		{C94CBA31-D4C0-417D-B362-5AF6E60ECFEF}.Release|Any CPU.Build.0 = Release|Any CPU
	EndGlobalSection
	GlobalSection(SolutionProperties) = preSolution
		HideSolutionNode = FALSE
	EndGlobalSection
	GlobalSection(ExtensibilityGlobals) = postSolution
		SolutionGuid = {F089F3AF-6A6B-437A-A253-48E7AA1C65A6}
	EndGlobalSection
EndGlobal
