
Microsoft Visual Studio Solution File, Format Version 12.00
# Visual Studio Version 17
VisualStudioVersion = 17.0.31903.59
MinimumVisualStudioVersion = 10.0.40219.1
Project("{FAE04EC0-301F-11D3-BF4B-00C04F79EFBC}") = "Task1", "Task1\Task1.csproj", "{BD5DB399-B411-4DF8-84B7-62E8FED6202B}"
EndProject
Global
	GlobalSection(SolutionConfigurationPlatforms) = preSolution
		Debug|Any CPU = Debug|Any CPU
		Release|Any CPU = Release|Any CPU
	EndGlobalSection
	GlobalSection(ProjectConfigurationPlatforms) = postSolution
		{BD5DB399-B411-4DF8-84B7-62E8FED6202B}.Debug|Any CPU.ActiveCfg = Debug|Any CPU
		{BD5DB399-B411-4DF8-84B7-62E8FED6202B}.Debug|Any CPU.Build.0 = Debug|Any CPU
		{BD5DB399-B411-4DF8-84B7-62E8FED6202B}.Release|Any CPU.ActiveCfg = Release|Any CPU
		{BD5DB399-B411-4DF8-84B7-62E8FED6202B}.Release|Any CPU.Build.0 = Release|Any CPU
	EndGlobalSection
	GlobalSection(SolutionProperties) = preSolution
		HideSolutionNode = FALSE
	EndGlobalSection
	GlobalSection(ExtensibilityGlobals) = postSolution
		SolutionGuid = {358B23E8-6911-46D2-B816-994CA62EC8AF}
	EndGlobalSection
EndGlobal
