
Microsoft Visual Studio Solution File, Format Version 12.00
# Visual Studio Version 17
VisualStudioVersion = 17.0.31903.59
MinimumVisualStudioVersion = 10.0.40219.1
Project("{FAE04EC0-301F-11D3-BF4B-00C04F79EFBC}") = "Task2", "Task2\Task2.csproj", "{E2C9B8E9-01F3-40A5-9FB3-2883A439C61D}"
EndProject
Global
	GlobalSection(SolutionConfigurationPlatforms) = preSolution
		Debug|Any CPU = Debug|Any CPU
		Release|Any CPU = Release|Any CPU
	EndGlobalSection
	GlobalSection(ProjectConfigurationPlatforms) = postSolution
		{E2C9B8E9-01F3-40A5-9FB3-2883A439C61D}.Debug|Any CPU.ActiveCfg = Debug|Any CPU
		{E2C9B8E9-01F3-40A5-9FB3-2883A439C61D}.Debug|Any CPU.Build.0 = Debug|Any CPU
		{E2C9B8E9-01F3-40A5-9FB3-2883A439C61D}.Release|Any CPU.ActiveCfg = Release|Any CPU
		{E2C9B8E9-01F3-40A5-9FB3-2883A439C61D}.Release|Any CPU.Build.0 = Release|Any CPU
	EndGlobalSection
	GlobalSection(SolutionProperties) = preSolution
		HideSolutionNode = FALSE
	EndGlobalSection
	GlobalSection(ExtensibilityGlobals) = postSolution
		SolutionGuid = {AB9AD4FE-9C33-4BF2-908D-46B7E9D902D8}
	EndGlobalSection
EndGlobal
