
Microsoft Visual Studio Solution File, Format Version 12.00
# Visual Studio Version 16
VisualStudioVersion = 16.0.31729.503
MinimumVisualStudioVersion = 10.0.40219.1
Project("{FAE04EC0-301F-11D3-BF4B-00C04F79EFBC}") = "FirstProgrammingCourse", "FirstProgrammingCourse.csproj", "{03A512B5-A6BE-419D-8469-9241D123C11F}"
EndProject
Global
	GlobalSection(SolutionConfigurationPlatforms) = preSolution
		Debug|Any CPU = Debug|Any CPU
		Release|Any CPU = Release|Any CPU
	EndGlobalSection
	GlobalSection(ProjectConfigurationPlatforms) = postSolution
		{03A512B5-A6BE-419D-8469-9241D123C11F}.Debug|Any CPU.ActiveCfg = Debug|Any CPU
		{03A512B5-A6BE-419D-8469-9241D123C11F}.Debug|Any CPU.Build.0 = Debug|Any CPU
		{03A512B5-A6BE-419D-8469-9241D123C11F}.Release|Any CPU.ActiveCfg = Release|Any CPU
		{03A512B5-A6BE-419D-8469-9241D123C11F}.Release|Any CPU.Build.0 = Release|Any CPU
	EndGlobalSection
	GlobalSection(SolutionProperties) = preSolution
		HideSolutionNode = FALSE
	EndGlobalSection
	GlobalSection(ExtensibilityGlobals) = postSolution
		SolutionGuid = {6DD3C74A-EB7F-4D43-B350-C4F5499C9C67}
	EndGlobalSection
EndGlobal
