
Microsoft Visual Studio Solution File, Format Version 12.00
# Visual Studio Version 17
VisualStudioVersion = 17.0.31903.59
MinimumVisualStudioVersion = 10.0.40219.1
Project("{FAE04EC0-301F-11D3-BF4B-00C04F79EFBC}") = "Task4", "Task4\Task4.csproj", "{7FC7FEAD-CE07-4327-B886-27EC863D36ED}"
EndProject
Global
	GlobalSection(SolutionConfigurationPlatforms) = preSolution
		Debug|Any CPU = Debug|Any CPU
		Release|Any CPU = Release|Any CPU
	EndGlobalSection
	GlobalSection(ProjectConfigurationPlatforms) = postSolution
		{7FC7FEAD-CE07-4327-B886-27EC863D36ED}.Debug|Any CPU.ActiveCfg = Debug|Any CPU
		{7FC7FEAD-CE07-4327-B886-27EC863D36ED}.Debug|Any CPU.Build.0 = Debug|Any CPU
		{7FC7FEAD-CE07-4327-B886-27EC863D36ED}.Release|Any CPU.ActiveCfg = Release|Any CPU
		{7FC7FEAD-CE07-4327-B886-27EC863D36ED}.Release|Any CPU.Build.0 = Release|Any CPU
	EndGlobalSection
	GlobalSection(SolutionProperties) = preSolution
		HideSolutionNode = FALSE
	EndGlobalSection
	GlobalSection(ExtensibilityGlobals) = postSolution
		SolutionGuid = {B9504040-4E33-42E4-A600-07E557AB0D3A}
	EndGlobalSection
EndGlobal
