
Microsoft Visual Studio Solution File, Format Version 12.00
# Visual Studio Version 16
VisualStudioVersion = 16.0.31729.503
MinimumVisualStudioVersion = 10.0.40219.1
Project("{FAE04EC0-301F-11D3-BF4B-00C04F79EFBC}") = "Programming", "Programming.csproj", "{BDB3A74C-E0A9-4EC6-A301-A35254D77ADC}"
EndProject
Global
	GlobalSection(SolutionConfigurationPlatforms) = preSolution
		Debug|Any CPU = Debug|Any CPU
		Release|Any CPU = Release|Any CPU
	EndGlobalSection
	GlobalSection(ProjectConfigurationPlatforms) = postSolution
		{BDB3A74C-E0A9-4EC6-A301-A35254D77ADC}.Debug|Any CPU.ActiveCfg = Debug|Any CPU
		{BDB3A74C-E0A9-4EC6-A301-A35254D77ADC}.Debug|Any CPU.Build.0 = Debug|Any CPU
		{BDB3A74C-E0A9-4EC6-A301-A35254D77ADC}.Release|Any CPU.ActiveCfg = Release|Any CPU
		{BDB3A74C-E0A9-4EC6-A301-A35254D77ADC}.Release|Any CPU.Build.0 = Release|Any CPU
	EndGlobalSection
	GlobalSection(SolutionProperties) = preSolution
		HideSolutionNode = FALSE
	EndGlobalSection
	GlobalSection(ExtensibilityGlobals) = postSolution
		SolutionGuid = {C3D888B6-B17B-4980-88C8-F3F6313EF1C2}
	EndGlobalSection
EndGlobal
