
Microsoft Visual Studio Solution File, Format Version 12.00
# Visual Studio Version 16
VisualStudioVersion = 16.0.31729.503
MinimumVisualStudioVersion = 10.0.40219.1
Project("{FAE04EC0-301F-11D3-BF4B-00C04F79EFBC}") = "Task3", "Task3.csproj", "{2A762DE4-AB0D-448B-B054-D807B7B22017}"
EndProject
Global
	GlobalSection(SolutionConfigurationPlatforms) = preSolution
		Debug|Any CPU = Debug|Any CPU
		Release|Any CPU = Release|Any CPU
	EndGlobalSection
	GlobalSection(ProjectConfigurationPlatforms) = postSolution
		{2A762DE4-AB0D-448B-B054-D807B7B22017}.Debug|Any CPU.ActiveCfg = Debug|Any CPU
		{2A762DE4-AB0D-448B-B054-D807B7B22017}.Debug|Any CPU.Build.0 = Debug|Any CPU
		{2A762DE4-AB0D-448B-B054-D807B7B22017}.Release|Any CPU.ActiveCfg = Release|Any CPU
		{2A762DE4-AB0D-448B-B054-D807B7B22017}.Release|Any CPU.Build.0 = Release|Any CPU
	EndGlobalSection
	GlobalSection(SolutionProperties) = preSolution
		HideSolutionNode = FALSE
	EndGlobalSection
	GlobalSection(ExtensibilityGlobals) = postSolution
		SolutionGuid = {AEA6341E-4A36-4EF4-B724-614070F57375}
	EndGlobalSection
EndGlobal
