
Microsoft Visual Studio Solution File, Format Version 12.00
# Visual Studio Version 16
VisualStudioVersion = 16.0.31729.503
MinimumVisualStudioVersion = 10.0.40219.1
Project("{FAE04EC0-301F-11D3-BF4B-00C04F79EFBC}") = "Lesson6Tasks", "Lesson6Tasks.csproj", "{6F72D4CE-9EDE-4A93-9260-07D9FD7D95BE}"
EndProject
Global
	GlobalSection(SolutionConfigurationPlatforms) = preSolution
		Debug|Any CPU = Debug|Any CPU
		Release|Any CPU = Release|Any CPU
	EndGlobalSection
	GlobalSection(ProjectConfigurationPlatforms) = postSolution
		{6F72D4CE-9EDE-4A93-9260-07D9FD7D95BE}.Debug|Any CPU.ActiveCfg = Debug|Any CPU
		{6F72D4CE-9EDE-4A93-9260-07D9FD7D95BE}.Debug|Any CPU.Build.0 = Debug|Any CPU
		{6F72D4CE-9EDE-4A93-9260-07D9FD7D95BE}.Release|Any CPU.ActiveCfg = Release|Any CPU
		{6F72D4CE-9EDE-4A93-9260-07D9FD7D95BE}.Release|Any CPU.Build.0 = Release|Any CPU
	EndGlobalSection
	GlobalSection(SolutionProperties) = preSolution
		HideSolutionNode = FALSE
	EndGlobalSection
	GlobalSection(ExtensibilityGlobals) = postSolution
		SolutionGuid = {9433D68F-2BF2-4D61-969C-6045F1B0421E}
	EndGlobalSection
EndGlobal
