
Microsoft Visual Studio Solution File, Format Version 12.00
# Visual Studio Version 17
VisualStudioVersion = 17.0.32014.148
MinimumVisualStudioVersion = 10.0.40219.1
Project("{FAE04EC0-301F-11D3-BF4B-00C04F79EFBC}") = "Task2", "Task2\Task2.csproj", "{1AB2029D-627E-4312-BCA0-CE86F21C4654}"
EndProject
Global
	GlobalSection(SolutionConfigurationPlatforms) = preSolution
		Debug|Any CPU = Debug|Any CPU
		Release|Any CPU = Release|Any CPU
	EndGlobalSection
	GlobalSection(ProjectConfigurationPlatforms) = postSolution
		{1AB2029D-627E-4312-BCA0-CE86F21C4654}.Debug|Any CPU.ActiveCfg = Debug|Any CPU
		{1AB2029D-627E-4312-BCA0-CE86F21C4654}.Debug|Any CPU.Build.0 = Debug|Any CPU
		{1AB2029D-627E-4312-BCA0-CE86F21C4654}.Release|Any CPU.ActiveCfg = Release|Any CPU
		{1AB2029D-627E-4312-BCA0-CE86F21C4654}.Release|Any CPU.Build.0 = Release|Any CPU
	EndGlobalSection
	GlobalSection(SolutionProperties) = preSolution
		HideSolutionNode = FALSE
	EndGlobalSection
	GlobalSection(ExtensibilityGlobals) = postSolution
		SolutionGuid = {8E5C5C3F-E1D0-40B3-BF6A-2A4C1E8BE5E8}
	EndGlobalSection
EndGlobal
