
Microsoft Visual Studio Solution File, Format Version 12.00
# Visual Studio Version 17
VisualStudioVersion = 17.0.31903.59
MinimumVisualStudioVersion = 10.0.40219.1
Project("{FAE04EC0-301F-11D3-BF4B-00C04F79EFBC}") = "Task3", "Task3\Task3.csproj", "{BD10C114-05A8-429F-8F31-32506A1DFC51}"
EndProject
Global
	GlobalSection(SolutionConfigurationPlatforms) = preSolution
		Debug|Any CPU = Debug|Any CPU
		Release|Any CPU = Release|Any CPU
	EndGlobalSection
	GlobalSection(ProjectConfigurationPlatforms) = postSolution
		{BD10C114-05A8-429F-8F31-32506A1DFC51}.Debug|Any CPU.ActiveCfg = Debug|Any CPU
		{BD10C114-05A8-429F-8F31-32506A1DFC51}.Debug|Any CPU.Build.0 = Debug|Any CPU
		{BD10C114-05A8-429F-8F31-32506A1DFC51}.Release|Any CPU.ActiveCfg = Release|Any CPU
		{BD10C114-05A8-429F-8F31-32506A1DFC51}.Release|Any CPU.Build.0 = Release|Any CPU
	EndGlobalSection
	GlobalSection(SolutionProperties) = preSolution
		HideSolutionNode = FALSE
	EndGlobalSection
	GlobalSection(ExtensibilityGlobals) = postSolution
		SolutionGuid = {286461B2-954D-47FC-B54C-459BD9B1A7F5}
	EndGlobalSection
EndGlobal
