
Microsoft Visual Studio Solution File, Format Version 12.00
# Visual Studio Version 16
VisualStudioVersion = 16.0.31729.503
MinimumVisualStudioVersion = 10.0.40219.1
Project("{FAE04EC0-301F-11D3-BF4B-00C04F79EFBC}") = "FirstProgrammingCourse", "FirstProgrammingCourse.csproj", "{D305B48A-1A6E-44AC-B972-4DE55D971083}"
EndProject
Global
	GlobalSection(SolutionConfigurationPlatforms) = preSolution
		Debug|Any CPU = Debug|Any CPU
		Release|Any CPU = Release|Any CPU
	EndGlobalSection
	GlobalSection(ProjectConfigurationPlatforms) = postSolution
		{D305B48A-1A6E-44AC-B972-4DE55D971083}.Debug|Any CPU.ActiveCfg = Debug|Any CPU
		{D305B48A-1A6E-44AC-B972-4DE55D971083}.Debug|Any CPU.Build.0 = Debug|Any CPU
		{D305B48A-1A6E-44AC-B972-4DE55D971083}.Release|Any CPU.ActiveCfg = Release|Any CPU
		{D305B48A-1A6E-44AC-B972-4DE55D971083}.Release|Any CPU.Build.0 = Release|Any CPU
	EndGlobalSection
	GlobalSection(SolutionProperties) = preSolution
		HideSolutionNode = FALSE
	EndGlobalSection
	GlobalSection(ExtensibilityGlobals) = postSolution
		SolutionGuid = {8FCE58EF-2C42-42E8-A08E-FD0AE7F5039C}
	EndGlobalSection
EndGlobal
