
Microsoft Visual Studio Solution File, Format Version 12.00
# Visual Studio Version 17
VisualStudioVersion = 17.1.32319.34
MinimumVisualStudioVersion = 10.0.40219.1
Project("{FAE04EC0-301F-11D3-BF4B-00C04F79EFBC}") = "Lesson33_36", "Lesson33_36\Lesson33_36.csproj", "{C98B98FB-2C5C-4167-8D17-270ACADEBE4A}"
EndProject
Global
	GlobalSection(SolutionConfigurationPlatforms) = preSolution
		Debug|Any CPU = Debug|Any CPU
		Release|Any CPU = Release|Any CPU
	EndGlobalSection
	GlobalSection(ProjectConfigurationPlatforms) = postSolution
		{C98B98FB-2C5C-4167-8D17-270ACADEBE4A}.Debug|Any CPU.ActiveCfg = Debug|Any CPU
		{C98B98FB-2C5C-4167-8D17-270ACADEBE4A}.Debug|Any CPU.Build.0 = Debug|Any CPU
		{C98B98FB-2C5C-4167-8D17-270ACADEBE4A}.Release|Any CPU.ActiveCfg = Release|Any CPU
		{C98B98FB-2C5C-4167-8D17-270ACADEBE4A}.Release|Any CPU.Build.0 = Release|Any CPU
	EndGlobalSection
	GlobalSection(SolutionProperties) = preSolution
		HideSolutionNode = FALSE
	EndGlobalSection
	GlobalSection(ExtensibilityGlobals) = postSolution
		SolutionGuid = {A6915B2E-BD19-4B5C-8D17-EBCA7AB395FB}
	EndGlobalSection
EndGlobal
