
Microsoft Visual Studio Solution File, Format Version 12.00
# Visual Studio Version 17
VisualStudioVersion = 17.0.31903.59
MinimumVisualStudioVersion = 10.0.40219.1
Project("{FAE04EC0-301F-11D3-BF4B-00C04F79EFBC}") = "Task2", "Task2\Task2.csproj", "{F97A96BF-0F23-4DB2-9660-A7F99FB76627}"
EndProject
Global
	GlobalSection(SolutionConfigurationPlatforms) = preSolution
		Debug|Any CPU = Debug|Any CPU
		Release|Any CPU = Release|Any CPU
	EndGlobalSection
	GlobalSection(ProjectConfigurationPlatforms) = postSolution
		{F97A96BF-0F23-4DB2-9660-A7F99FB76627}.Debug|Any CPU.ActiveCfg = Debug|Any CPU
		{F97A96BF-0F23-4DB2-9660-A7F99FB76627}.Debug|Any CPU.Build.0 = Debug|Any CPU
		{F97A96BF-0F23-4DB2-9660-A7F99FB76627}.Release|Any CPU.ActiveCfg = Release|Any CPU
		{F97A96BF-0F23-4DB2-9660-A7F99FB76627}.Release|Any CPU.Build.0 = Release|Any CPU
	EndGlobalSection
	GlobalSection(SolutionProperties) = preSolution
		HideSolutionNode = FALSE
	EndGlobalSection
	GlobalSection(ExtensibilityGlobals) = postSolution
		SolutionGuid = {759017A7-BB42-4C37-9A2D-C5F6D7D5FDDE}
	EndGlobalSection
EndGlobal
